// !$*UTF8*$!
{
	archiveVersion = 1;
	classes = {
	};
	objectVersion = 46;
	objects = {

/* Begin PBXBuildFile section */
		8710AE631AE79C8600756B67 /* main.m in Sources */ = {isa = PBXBuildFile; fileRef = 8710AE621AE79C8600756B67 /* main.m */; };
		8710AE661AE79C8600756B67 /* AppDelegate.m in Sources */ = {isa = PBXBuildFile; fileRef = 8710AE651AE79C8600756B67 /* AppDelegate.m */; };
		8710AE691AE79C8600756B67 /* ViewController.m in Sources */ = {isa = PBXBuildFile; fileRef = 8710AE681AE79C8600756B67 /* ViewController.m */; };
		8710AE6C1AE79C8600756B67 /* Main.storyboard in Resources */ = {isa = PBXBuildFile; fileRef = 8710AE6A1AE79C8600756B67 /* Main.storyboard */; };
		8710AE6E1AE79C8600756B67 /* Images.xcassets in Resources */ = {isa = PBXBuildFile; fileRef = 8710AE6D1AE79C8600756B67 /* Images.xcassets */; };
		8710AE711AE79C8600756B67 /* LaunchScreen.xib in Resources */ = {isa = PBXBuildFile; fileRef = 8710AE6F1AE79C8600756B67 /* LaunchScreen.xib */; };
		8710AE7D1AE79C8600756B67 /* BillPayTests.m in Sources */ = {isa = PBXBuildFile; fileRef = 8710AE7C1AE79C8600756B67 /* BillPayTests.m */; };
/* End PBXBuildFile section */

/* Begin PBXContainerItemProxy section */
		8710AE771AE79C8600756B67 /* PBXContainerItemProxy */ = {
			isa = PBXContainerItemProxy;
			containerPortal = 8710AE551AE79C8600756B67 /* Project object */;
			proxyType = 1;
			remoteGlobalIDString = 8710AE5C1AE79C8600756B67;
			remoteInfo = BillPay;
		};
/* End PBXContainerItemProxy section */

/* Begin PBXFileReference section */
		8710AE5D1AE79C8600756B67 /* BillPay.app */ = {isa = PBXFileReference; explicitFileType = wrapper.application; includeInIndex = 0; path = BillPay.app; sourceTree = BUILT_PRODUCTS_DIR; };
		8710AE611AE79C8600756B67 /* Info.plist */ = {isa = PBXFileReference; lastKnownFileType = text.plist.xml; path = Info.plist; sourceTree = "<group>"; };
		8710AE621AE79C8600756B67 /* main.m */ = {isa = PBXFileReference; lastKnownFileType = sourcecode.c.objc; path = main.m; sourceTree = "<group>"; };
		8710AE641AE79C8600756B67 /* AppDelegate.h */ = {isa = PBXFileReference; lastKnownFileType = sourcecode.c.h; path = AppDelegate.h; sourceTree = "<group>"; };
		8710AE651AE79C8600756B67 /* AppDelegate.m */ = {isa = PBXFileReference; lastKnownFileType = sourcecode.c.objc; path = AppDelegate.m; sourceTree = "<group>"; };
		8710AE671AE79C8600756B67 /* ViewController.h */ = {isa = PBXFileReference; lastKnownFileType = sourcecode.c.h; path = ViewController.h; sourceTree = "<group>"; };
		8710AE681AE79C8600756B67 /* ViewController.m */ = {isa = PBXFileReference; lastKnownFileType = sourcecode.c.objc; path = ViewController.m; sourceTree = "<group>"; };
		8710AE6B1AE79C8600756B67 /* Base */ = {isa = PBXFileReference; lastKnownFileType = file.storyboard; name = Base; path = Base.lproj/Main.storyboard; sourceTree = "<group>"; };
		8710AE6D1AE79C8600756B67 /* Images.xcassets */ = {isa = PBXFileReference; lastKnownFileType = folder.assetcatalog; path = Images.xcassets; sourceTree = "<group>"; };
		8710AE701AE79C8600756B67 /* Base */ = {isa = PBXFileReference; lastKnownFileType = file.xib; name = Base; path = Base.lproj/LaunchScreen.xib; sourceTree = "<group>"; };
		8710AE761AE79C8600756B67 /* BillPayTests.xctest */ = {isa = PBXFileReference; explicitFileType = wrapper.cfbundle; includeInIndex = 0; path = BillPayTests.xctest; sourceTree = BUILT_PRODUCTS_DIR; };
		8710AE7B1AE79C8600756B67 /* Info.plist */ = {isa = PBXFileReference; lastKnownFileType = text.plist.xml; path = Info.plist; sourceTree = "<group>"; };
		8710AE7C1AE79C8600756B67 /* BillPayTests.m */ = {isa = PBXFileReference; lastKnownFileType = sourcecode.c.objc; path = BillPayTests.m; sourceTree = "<group>"; };
/* End PBXFileReference section */

/* Begin PBXFrameworksBuildPhase section */
		8710AE5A1AE79C8600756B67 /* Frameworks */ = {
			isa = PBXFrameworksBuildPhase;
			buildActionMask = 2147483647;
			files = (
			);
			runOnlyForDeploymentPostprocessing = 0;
		};
		8710AE731AE79C8600756B67 /* Frameworks */ = {
			isa = PBXFrameworksBuildPhase;
			buildActionMask = 2147483647;
			files = (
			);
			runOnlyForDeploymentPostprocessing = 0;
		};
/* End PBXFrameworksBuildPhase section */

/* Begin PBXGroup section */
		8710AE541AE79C8600756B67 = {
			isa = PBXGroup;
			children = (
				8710AE5F1AE79C8600756B67 /* BillPay */,
				8710AE791AE79C8600756B67 /* BillPayTests */,
				8710AE5E1AE79C8600756B67 /* Products */,
			);
			sourceTree = "<group>";
		};
		8710AE5E1AE79C8600756B67 /* Products */ = {
			isa = PBXGroup;
			children = (
				8710AE5D1AE79C8600756B67 /* BillPay.app */,
				8710AE761AE79C8600756B67 /* BillPayTests.xctest */,
			);
			name = Products;
			sourceTree = "<group>";
		};
		8710AE5F1AE79C8600756B67 /* BillPay */ = {
			isa = PBXGroup;
			children = (
				8710AE641AE79C8600756B67 /* AppDelegate.h */,
				8710AE651AE79C8600756B67 /* AppDelegate.m */,
				8710AE671AE79C8600756B67 /* ViewController.h */,
				8710AE681AE79C8600756B67 /* ViewController.m */,
				8710AE6A1AE79C8600756B67 /* Main.storyboard */,
				8710AE6D1AE79C8600756B67 /* Images.xcassets */,
				8710AE6F1AE79C8600756B67 /* LaunchScreen.xib */,
				8710AE601AE79C8600756B67 /* Supporting Files */,
			);
			path = BillPay;
			sourceTree = "<group>";
		};
		8710AE601AE79C8600756B67 /* Supporting Files */ = {
			isa = PBXGroup;
			children = (
				8710AE611AE79C8600756B67 /* Info.plist */,
				8710AE621AE79C8600756B67 /* main.m */,
			);
			name = "Supporting Files";
			sourceTree = "<group>";
		};
		8710AE791AE79C8600756B67 /* BillPayTests */ = {
			isa = PBXGroup;
			children = (
				8710AE7C1AE79C8600756B67 /* BillPayTests.m */,
				8710AE7A1AE79C8600756B67 /* Supporting Files */,
			);
			path = BillPayTests;
			sourceTree = "<group>";
		};
		8710AE7A1AE79C8600756B67 /* Supporting Files */ = {
			isa = PBXGroup;
			children = (
				8710AE7B1AE79C8600756B67 /* Info.plist */,
			);
			name = "Supporting Files";
			sourceTree = "<group>";
		};
/* End PBXGroup section */

/* Begin PBXNativeTarget section */
		8710AE5C1AE79C8600756B67 /* BillPay */ = {
			isa = PBXNativeTarget;
			buildConfigurationList = 8710AE801AE79C8600756B67 /* Build configuration list for PBXNativeTarget "BillPay" */;
			buildPhases = (
				8710AE591AE79C8600756B67 /* Sources */,
				8710AE5A1AE79C8600756B67 /* Frameworks */,
				8710AE5B1AE79C8600756B67 /* Resources */,
			);
			buildRules = (
			);
			dependencies = (
			);
			name = BillPay;
			productName = BillPay;
			productReference = 8710AE5D1AE79C8600756B67 /* BillPay.app */;
			productType = "com.apple.product-type.application";
		};
		8710AE751AE79C8600756B67 /* BillPayTests */ = {
			isa = PBXNativeTarget;
			buildConfigurationList = 8710AE831AE79C8600756B67 /* Build configuration list for PBXNativeTarget "BillPayTests" */;
			buildPhases = (
				8710AE721AE79C8600756B67 /* Sources */,
				8710AE731AE79C8600756B67 /* Frameworks */,
				8710AE741AE79C8600756B67 /* Resources */,
			);
			buildRules = (
			);
			dependencies = (
				8710AE781AE79C8600756B67 /* PBXTargetDependency */,
			);
			name = BillPayTests;
			productName = BillPayTests;
			productReference = 8710AE761AE79C8600756B67 /* BillPayTests.xctest */;
			productType = "com.apple.product-type.bundle.unit-test";
		};
/* End PBXNativeTarget section */

/* Begin PBXProject section */
		8710AE551AE79C8600756B67 /* Project object */ = {
			isa = PBXProject;
			attributes = {
				LastUpgradeCheck = 0630;
				ORGANIZATIONNAME = "Aanchal Arora";
				TargetAttributes = {
					8710AE5C1AE79C8600756B67 = {
						CreatedOnToolsVersion = 6.3;
					};
					8710AE751AE79C8600756B67 = {
						CreatedOnToolsVersion = 6.3;
						TestTargetID = 8710AE5C1AE79C8600756B67;
					};
				};
			};
			buildConfigurationList = 8710AE581AE79C8600756B67 /* Build configuration list for PBXProject "BillPay" */;
			compatibilityVersion = "Xcode 3.2";
			developmentRegion = English;
			hasScannedForEncodings = 0;
			knownRegions = (
				en,
				Base,
			);
			mainGroup = 8710AE541AE79C8600756B67;
			productRefGroup = 8710AE5E1AE79C8600756B67 /* Products */;
			projectDirPath = "";
			projectRoot = "";
			targets = (
				8710AE5C1AE79C8600756B67 /* BillPay */,
				8710AE751AE79C8600756B67 /* BillPayTests */,
			);
		};
/* End PBXProject section */

/* Begin PBXResourcesBuildPhase section */
		8710AE5B1AE79C8600756B67 /* Resources */ = {
			isa = PBXResourcesBuildPhase;
			buildActionMask = 2147483647;
			files = (
				8710AE6C1AE79C8600756B67 /* Main.storyboard in Resources */,
				8710AE711AE79C8600756B67 /* LaunchScreen.xib in Resources */,
				8710AE6E1AE79C8600756B67 /* Images.xcassets in Resources */,
			);
			runOnlyForDeploymentPostprocessing = 0;
		};
		8710AE741AE79C8600756B67 /* Resources */ = {
			isa = PBXResourcesBuildPhase;
			buildActionMask = 2147483647;
			files = (
			);
			runOnlyForDeploymentPostprocessing = 0;
		};
/* End PBXResourcesBuildPhase section */

/* Begin PBXSourcesBuildPhase section */
		8710AE591AE79C8600756B67 /* Sources */ = {
			isa = PBXSourcesBuildPhase;
			buildActionMask = 2147483647;
			files = (
				8710AE691AE79C8600756B67 /* ViewController.m in Sources */,
				8710AE661AE79C8600756B67 /* AppDelegate.m in Sources */,
				8710AE631AE79C8600756B67 /* main.m in Sources */,
			);
			runOnlyForDeploymentPostprocessing = 0;
		};
		8710AE721AE79C8600756B67 /* Sources */ = {
			isa = PBXSourcesBuildPhase;
			buildActionMask = 2147483647;
			files = (
				8710AE7D1AE79C8600756B67 /* BillPayTests.m in Sources */,
			);
			runOnlyForDeploymentPostprocessing = 0;
		};
/* End PBXSourcesBuildPhase section */

/* Begin PBXTargetDependency section */
		8710AE781AE79C8600756B67 /* PBXTargetDependency */ = {
			isa = PBXTargetDependency;
			target = 8710AE5C1AE79C8600756B67 /* BillPay */;
			targetProxy = 8710AE771AE79C8600756B67 /* PBXContainerItemProxy */;
		};
/* End PBXTargetDependency section */

/* Begin PBXVariantGroup section */
		8710AE6A1AE79C8600756B67 /* Main.storyboard */ = {
			isa = PBXVariantGroup;
			children = (
				8710AE6B1AE79C8600756B67 /* Base */,
			);
			name = Main.storyboard;
			sourceTree = "<group>";
		};
		8710AE6F1AE79C8600756B67 /* LaunchScreen.xib */ = {
			isa = PBXVariantGroup;
			children = (
				8710AE701AE79C8600756B67 /* Base */,
			);
			name = LaunchScreen.xib;
			sourceTree = "<group>";
		};
/* End PBXVariantGroup section */

/* Begin XCBuildConfiguration section */
		8710AE7E1AE79C8600756B67 /* Debug */ = {
			isa = XCBuildConfiguration;
			buildSettings = {
				ALWAYS_SEARCH_USER_PATHS = NO;
				CLANG_CXX_LANGUAGE_STANDARD = "gnu++0x";
				CLANG_CXX_LIBRARY = "libc++";
				CLANG_ENABLE_MODULES = YES;
				CLANG_ENABLE_OBJC_ARC = YES;
				CLANG_WARN_BOOL_CONVERSION = YES;
				CLANG_WARN_CONSTANT_CONVERSION = YES;
				CLANG_WARN_DIRECT_OBJC_ISA_USAGE = YES_ERROR;
				CLANG_WARN_EMPTY_BODY = YES;
				CLANG_WARN_ENUM_CONVERSION = YES;
				CLANG_WARN_INT_CONVERSION = YES;
				CLANG_WARN_OBJC_ROOT_CLASS = YES_ERROR;
				CLANG_WARN_UNREACHABLE_CODE = YES;
				CLANG_WARN__DUPLICATE_METHOD_MATCH = YES;
				"CODE_SIGN_IDENTITY[sdk=iphoneos*]" = "iPhone Developer";
				COPY_PHASE_STRIP = NO;
				DEBUG_INFORMATION_FORMAT = "dwarf-with-dsym";
				ENABLE_STRICT_OBJC_MSGSEND = YES;
				GCC_C_LANGUAGE_STANDARD = gnu99;
				GCC_DYNAMIC_NO_PIC = NO;
				GCC_NO_COMMON_BLOCKS = YES;
				GCC_OPTIMIZATION_LEVEL = 0;
				GCC_PREPROCESSOR_DEFINITIONS = (
					"DEBUG=1",
					"$(inherited)",
				);
				GCC_SYMBOLS_PRIVATE_EXTERN = NO;
				GCC_WARN_64_TO_32_BIT_CONVERSION = YES;
				GCC_WARN_ABOUT_RETURN_TYPE = YES_ERROR;
				GCC_WARN_UNDECLARED_SELECTOR = YES;
				GCC_WARN_UNINITIALIZED_AUTOS = YES_AGGRESSIVE;
				GCC_WARN_UNUSED_FUNCTION = YES;
				GCC_WARN_UNUSED_VARIABLE = YES;
				IPHONEOS_DEPLOYMENT_TARGET = 8.3;
				MTL_ENABLE_DEBUG_INFO = YES;
				ONLY_ACTIVE_ARCH = YES;
				SDKROOT = iphoneos;
			};
			name = Debug;
		};
		8710AE7F1AE79C8600756B67 /* Release */ = {
			isa = XCBuildConfiguration;
			buildSettings = {
				ALWAYS_SEARCH_USER_PATHS = NO;
				CLANG_CXX_LANGUAGE_STANDARD = "gnu++0x";
				CLANG_CXX_LIBRARY = "libc++";
				CLANG_ENABLE_MODULES = YES;
				CLANG_ENABLE_OBJC_ARC = YES;
				CLANG_WARN_BOOL_CONVERSION = YES;
				CLANG_WARN_CONSTANT_CONVERSION = YES;
				CLANG_WARN_DIRECT_OBJC_ISA_USAGE = YES_ERROR;
				CLANG_WARN_EMPTY_BODY = YES;
				CLANG_WARN_ENUM_CONVERSION = YES;
				CLANG_WARN_INT_CONVERSION = YES;
				CLANG_WARN_OBJC_ROOT_CLASS = YES_ERROR;
				CLANG_WARN_UNREACHABLE_CODE = YES;
				CLANG_WARN__DUPLICATE_METHOD_MATCH = YES;
				"CODE_SIGN_IDENTITY[sdk=iphoneos*]" = "iPhone Developer";
				COPY_PHASE_STRIP = NO;
				DEBUG_INFORMATION_FORMAT = "dwarf-with-dsym";
				ENABLE_NS_ASSERTIONS = NO;
				ENABLE_STRICT_OBJC_MSGSEND = YES;
				GCC_C_LANGUAGE_STANDARD = gnu99;
				GCC_NO_COMMON_BLOCKS = YES;
				GCC_WARN_64_TO_32_BIT_CONVERSION = YES;
				GCC_WARN_ABOUT_RETURN_TYPE = YES_ERROR;
				GCC_WARN_UNDECLARED_SELECTOR = YES;
				GCC_WARN_UNINITIALIZED_AUTOS = YES_AGGRESSIVE;
				GCC_WARN_UNUSED_FUNCTION = YES;
				GCC_WARN_UNUSED_VARIABLE = YES;
				IPHONEOS_DEPLOYMENT_TARGET = 8.3;
				MTL_ENABLE_DEBUG_INFO = NO;
				SDKROOT = iphoneos;
				VALIDATE_PRODUCT = YES;
			};
			name = Release;
		};
		8710AE811AE79C8600756B67 /* Debug */ = {
			isa = XCBuildConfiguration;
			buildSettings = {
				ASSETCATALOG_COMPILER_APPICON_NAME = AppIcon;
				INFOPLIST_FILE = BillPay/Info.plist;
				LD_RUNPATH_SEARCH_PATHS = "$(inherited) @executable_path/Frameworks";
				PRODUCT_NAME = "$(TARGET_NAME)";
			};
			name = Debug;
		};
		8710AE821AE79C8600756B67 /* Release */ = {
			isa = XCBuildConfiguration;
			buildSettings = {
				ASSETCATALOG_COMPILER_APPICON_NAME = AppIcon;
				INFOPLIST_FILE = BillPay/Info.plist;
				LD_RUNPATH_SEARCH_PATHS = "$(inherited) @executable_path/Frameworks";
				PRODUCT_NAME = "$(TARGET_NAME)";
			};
			name = Release;
		};
		8710AE841AE79C8600756B67 /* Debug */ = {
			isa = XCBuildConfiguration;
			buildSettings = {
				BUNDLE_LOADER = "$(TEST_HOST)";
				FRAMEWORK_SEARCH_PATHS = (
					"$(SDKROOT)/Developer/Library/Frameworks",
					"$(inherited)",
				);
				GCC_PREPROCESSOR_DEFINITIONS = (
					"DEBUG=1",
					"$(inherited)",
				);
				INFOPLIST_FILE = BillPayTests/Info.plist;
				LD_RUNPATH_SEARCH_PATHS = "$(inherited) @executable_path/Frameworks @loader_path/Frameworks";
				PRODUCT_NAME = "$(TARGET_NAME)";
				TEST_HOST = "$(BUILT_PRODUCTS_DIR)/BillPay.app/BillPay";
			};
			name = Debug;
		};
		8710AE851AE79C8600756B67 /* Release */ = {
			isa = XCBuildConfiguration;
			buildSettings = {
				BUNDLE_LOADER = "$(TEST_HOST)";
				FRAMEWORK_SEARCH_PATHS = (
					"$(SDKROOT)/Developer/Library/Frameworks",
					"$(inherited)",
				);
				INFOPLIST_FILE = BillPayTests/Info.plist;
				LD_RUNPATH_SEARCH_PATHS = "$(inherited) @executable_path/Frameworks @loader_path/Frameworks";
				PRODUCT_NAME = "$(TARGET_NAME)";
				TEST_HOST = "$(BUILT_PRODUCTS_DIR)/BillPay.app/BillPay";
			};
			name = Release;
		};
/* End XCBuildConfiguration section */

/* Begin XCConfigurationList section */
		8710AE581AE79C8600756B67 /* Build configuration list for PBXProject "BillPay" */ = {
			isa = XCConfigurationList;
			buildConfigurations = (
				8710AE7E1AE79C8600756B67 /* Debug */,
				8710AE7F1AE79C8600756B67 /* Release */,
			);
			defaultConfigurationIsVisible = 0;
			defaultConfigurationName = Release;
		};
		8710AE801AE79C8600756B67 /* Build configuration list for PBXNativeTarget "BillPay" */ = {
			isa = XCConfigurationList;
			buildConfigurations = (
				8710AE811AE79C8600756B67 /* Debug */,
				8710AE821AE79C8600756B67 /* Release */,
			);
			defaultConfigurationIsVisible = 0;
		};
		8710AE831AE79C8600756B67 /* Build configuration list for PBXNativeTarget "BillPayTests" */ = {
			isa = XCConfigurationList;
			buildConfigurations = (
				8710AE841AE79C8600756B67 /* Debug */,
				8710AE851AE79C8600756B67 /* Release */,
			);
			defaultConfigurationIsVisible = 0;
		};
/* End XCConfigurationList section */
	};
	rootObject = 8710AE551AE79C8600756B67 /* Project object */;
}
